
Microsoft Visual Studio Solution File, Format Version 12.00
# Visual Studio Version 17
VisualStudioVersion = 17.12.35707.178
MinimumVisualStudioVersion = 10.0.40219.1
Project("{9A19103F-16F7-4668-BE54-9A1E7A4F7556}") = "kot", "kot\kot.csproj", "{414A78DF-7BC0-4F6B-8271-BCDAB8D7F027}"
EndProject
Project("{FAE04EC0-301F-11D3-BF4B-00C04F79EFBC}") = "Server", "Server\Server.csproj", "{ED01D1B0-2A17-4A3C-B44E-98FFD2555872}"
EndProject
Global
	GlobalSection(SolutionConfigurationPlatforms) = preSolution
		Debug|Any CPU = Debug|Any CPU
		Release|Any CPU = Release|Any CPU
	EndGlobalSection
	GlobalSection(ProjectConfigurationPlatforms) = postSolution
		{414A78DF-7BC0-4F6B-8271-BCDAB8D7F027}.Debug|Any CPU.ActiveCfg = Debug|Any CPU
		{414A78DF-7BC0-4F6B-8271-BCDAB8D7F027}.Debug|Any CPU.Build.0 = Debug|Any CPU
		{414A78DF-7BC0-4F6B-8271-BCDAB8D7F027}.Release|Any CPU.ActiveCfg = Release|Any CPU
		{414A78DF-7BC0-4F6B-8271-BCDAB8D7F027}.Release|Any CPU.Build.0 = Release|Any CPU
		{ED01D1B0-2A17-4A3C-B44E-98FFD2555872}.Debug|Any CPU.ActiveCfg = Debug|Any CPU
		{ED01D1B0-2A17-4A3C-B44E-98FFD2555872}.Debug|Any CPU.Build.0 = Debug|Any CPU
		{ED01D1B0-2A17-4A3C-B44E-98FFD2555872}.Release|Any CPU.ActiveCfg = Release|Any CPU
		{ED01D1B0-2A17-4A3C-B44E-98FFD2555872}.Release|Any CPU.Build.0 = Release|Any CPU
	EndGlobalSection
	GlobalSection(SolutionProperties) = preSolution
		HideSolutionNode = FALSE
	EndGlobalSection
	GlobalSection(ExtensibilityGlobals) = postSolution
		SolutionGuid = {6E84179A-1C88-4CBE-A272-60DC434AC5A1}
	EndGlobalSection
EndGlobal
